
Microsoft Visual Studio Solution File, Format Version 12.00
# Visual Studio 15
VisualStudioVersion = 15.0.28307.2017
MinimumVisualStudioVersion = 10.0.40219.1
Project("{FAE04EC0-301F-11D3-BF4B-00C04F79EFBC}") = "Object Creation", "Object Creation\Object Creation.csproj", "{B72BC6DD-C4E5-4D3A-B8BB-AC743D240BE5}"
EndProject
Global
	GlobalSection(SolutionConfigurationPlatforms) = preSolution
		Debug|Any CPU = Debug|Any CPU
		Release|Any CPU = Release|Any CPU
	EndGlobalSection
	GlobalSection(ProjectConfigurationPlatforms) = postSolution
		{B72BC6DD-C4E5-4D3A-B8BB-AC743D240BE5}.Debug|Any CPU.ActiveCfg = Debug|Any CPU
		{B72BC6DD-C4E5-4D3A-B8BB-AC743D240BE5}.Debug|Any CPU.Build.0 = Debug|Any CPU
		{B72BC6DD-C4E5-4D3A-B8BB-AC743D240BE5}.Release|Any CPU.ActiveCfg = Release|Any CPU
		{B72BC6DD-C4E5-4D3A-B8BB-AC743D240BE5}.Release|Any CPU.Build.0 = Release|Any CPU
	EndGlobalSection
	GlobalSection(SolutionProperties) = preSolution
		HideSolutionNode = FALSE
	EndGlobalSection
	GlobalSection(ExtensibilityGlobals) = postSolution
		SolutionGuid = {E1A694CE-B7E2-42D5-960B-7AD8414C17CF}
	EndGlobalSection
EndGlobal
